Microsoft Visual Studio Solution File, Format Version 11.00
# Visual Studio 2008

Project("{ECF600E1-8A99-F04B-5EDF-B57E53E73DDA}") = "DestructableMap", "Assembly-CSharp.csproj", "{2AED3B15-6D3B-512A-14F5-D34A3E9FC63A}"
EndProject
Global
	GlobalSection(SolutionConfigurationPlatforms) = preSolution
		Debug|Any CPU = Debug|Any CPU
		Release|Any CPU = Release|Any CPU
	EndGlobalSection
	GlobalSection(ProjectConfigurationPlatforms) = postSolution
		{2AED3B15-6D3B-512A-14F5-D34A3E9FC63A}.Debug|Any CPU.ActiveCfg = Debug|Any CPU
		{2AED3B15-6D3B-512A-14F5-D34A3E9FC63A}.Debug|Any CPU.Build.0 = Debug|Any CPU
		{2AED3B15-6D3B-512A-14F5-D34A3E9FC63A}.Release|Any CPU.ActiveCfg = Release|Any CPU
		{2AED3B15-6D3B-512A-14F5-D34A3E9FC63A}.Release|Any CPU.Build.0 = Release|Any CPU
	EndGlobalSection
	GlobalSection(SolutionProperties) = preSolution
		HideSolutionNode = FALSE
	EndGlobalSection
	GlobalSection(MonoDevelopProperties) = preSolution
		StartupItem = Assembly-CSharp.csproj
	EndGlobalSection
EndGlobal
